// !$*UTF8*$!
{
	archiveVersion = 1;
	classes = {
	};
	objectVersion = 46;
	objects = {

/* Begin PBXBuildFile section */
		BCDA97AE193EB96A004186E9 /* AppDelegate.swift in Sources */ = {isa = PBXBuildFile; fileRef = BCDA97AD193EB96A004186E9 /* AppDelegate.swift */; };
		BCDA97B0193EB96A004186E9 /* Images.xcassets in Resources */ = {isa = PBXBuildFile; fileRef = BCDA97AF193EB96A004186E9 /* Images.xcassets */; };
		BCDA97BC193EB96A004186E9 /* gLastpassTests.swift in Sources */ = {isa = PBXBuildFile; fileRef = BCDA97BB193EB96A004186E9 /* gLastpassTests.swift */; };
/* End PBXBuildFile section */

/* Begin PBXContainerItemProxy section */
		BCDA97B6193EB96A004186E9 /* PBXContainerItemProxy */ = {
			isa = PBXContainerItemProxy;
			containerPortal = BCDA97A0193EB96A004186E9 /* Project object */;
			proxyType = 1;
			remoteGlobalIDString = BCDA97A7193EB96A004186E9;
			remoteInfo = gLastpass;
		};
/* End PBXContainerItemProxy section */

/* Begin PBXFileReference section */
		BCDA97A8193EB96A004186E9 /* gLastpass.app */ = {isa = PBXFileReference; explicitFileType = wrapper.application; includeInIndex = 0; path = gLastpass.app; sourceTree = BUILT_PRODUCTS_DIR; };
		BCDA97AC193EB96A004186E9 /* Info.plist */ = {isa = PBXFileReference; lastKnownFileType = text.plist.xml; path = Info.plist; sourceTree = "<group>"; };
		BCDA97AD193EB96A004186E9 /* AppDelegate.swift */ = {isa = PBXFileReference; lastKnownFileType = sourcecode.swift; path = AppDelegate.swift; sourceTree = "<group>"; };
		BCDA97AF193EB96A004186E9 /* Images.xcassets */ = {isa = PBXFileReference; lastKnownFileType = folder.assetcatalog; path = Images.xcassets; sourceTree = "<group>"; };
		BCDA97B5193EB96A004186E9 /* gLastpassTests.xctest */ = {isa = PBXFileReference; explicitFileType = wrapper.cfbundle; includeInIndex = 0; path = gLastpassTests.xctest; sourceTree = BUILT_PRODUCTS_DIR; };
		BCDA97BA193EB96A004186E9 /* Info.plist */ = {isa = PBXFileReference; lastKnownFileType = text.plist.xml; path = Info.plist; sourceTree = "<group>"; };
		BCDA97BB193EB96A004186E9 /* gLastpassTests.swift */ = {isa = PBXFileReference; lastKnownFileType = sourcecode.swift; path = gLastpassTests.swift; sourceTree = "<group>"; };
/* End PBXFileReference section */

/* Begin PBXFrameworksBuildPhase section */
		BCDA97A5193EB96A004186E9 /* Frameworks */ = {
			isa = PBXFrameworksBuildPhase;
			buildActionMask = 2147483647;
			files = (
			);
			runOnlyForDeploymentPostprocessing = 0;
		};
		BCDA97B2193EB96A004186E9 /* Frameworks */ = {
			isa = PBXFrameworksBuildPhase;
			buildActionMask = 2147483647;
			files = (
			);
			runOnlyForDeploymentPostprocessing = 0;
		};
/* End PBXFrameworksBuildPhase section */

/* Begin PBXGroup section */
		BCDA979F193EB96A004186E9 = {
			isa = PBXGroup;
			children = (
				BCDA97AA193EB96A004186E9 /* gLastpass */,
				BCDA97B8193EB96A004186E9 /* gLastpassTests */,
				BCDA97A9193EB96A004186E9 /* Products */,
			);
			sourceTree = "<group>";
		};
		BCDA97A9193EB96A004186E9 /* Products */ = {
			isa = PBXGroup;
			children = (
				BCDA97A8193EB96A004186E9 /* gLastpass.app */,
				BCDA97B5193EB96A004186E9 /* gLastpassTests.xctest */,
			);
			name = Products;
			sourceTree = "<group>";
		};
		BCDA97AA193EB96A004186E9 /* gLastpass */ = {
			isa = PBXGroup;
			children = (
				BCDA97AD193EB96A004186E9 /* AppDelegate.swift */,
				BCDA97AF193EB96A004186E9 /* Images.xcassets */,
				BCDA97AB193EB96A004186E9 /* Supporting Files */,
			);
			path = gLastpass;
			sourceTree = "<group>";
		};
		BCDA97AB193EB96A004186E9 /* Supporting Files */ = {
			isa = PBXGroup;
			children = (
				BCDA97AC193EB96A004186E9 /* Info.plist */,
			);
			name = "Supporting Files";
			sourceTree = "<group>";
		};
		BCDA97B8193EB96A004186E9 /* gLastpassTests */ = {
			isa = PBXGroup;
			children = (
				BCDA97BB193EB96A004186E9 /* gLastpassTests.swift */,
				BCDA97B9193EB96A004186E9 /* Supporting Files */,
			);
			path = gLastpassTests;
			sourceTree = "<group>";
		};
		BCDA97B9193EB96A004186E9 /* Supporting Files */ = {
			isa = PBXGroup;
			children = (
				BCDA97BA193EB96A004186E9 /* Info.plist */,
			);
			name = "Supporting Files";
			sourceTree = "<group>";
		};
/* End PBXGroup section */

/* Begin PBXNativeTarget section */
		BCDA97A7193EB96A004186E9 /* gLastpass */ = {
			isa = PBXNativeTarget;
			buildConfigurationList = BCDA97BF193EB96A004186E9 /* Build configuration list for PBXNativeTarget "gLastpass" */;
			buildPhases = (
				BCDA97A4193EB96A004186E9 /* Sources */,
				BCDA97A5193EB96A004186E9 /* Frameworks */,
				BCDA97A6193EB96A004186E9 /* Resources */,
			);
			buildRules = (
			);
			dependencies = (
			);
			name = gLastpass;
			productName = gLastpass;
			productReference = BCDA97A8193EB96A004186E9 /* gLastpass.app */;
			productType = "com.apple.product-type.application";
		};
		BCDA97B4193EB96A004186E9 /* gLastpassTests */ = {
			isa = PBXNativeTarget;
			buildConfigurationList = BCDA97C2193EB96A004186E9 /* Build configuration list for PBXNativeTarget "gLastpassTests" */;
			buildPhases = (
				BCDA97B1193EB96A004186E9 /* Sources */,
				BCDA97B2193EB96A004186E9 /* Frameworks */,
				BCDA97B3193EB96A004186E9 /* Resources */,
			);
			buildRules = (
			);
			dependencies = (
				BCDA97B7193EB96A004186E9 /* PBXTargetDependency */,
			);
			name = gLastpassTests;
			productName = gLastpassTests;
			productReference = BCDA97B5193EB96A004186E9 /* gLastpassTests.xctest */;
			productType = "com.apple.product-type.bundle.unit-test";
		};
/* End PBXNativeTarget section */

/* Begin PBXProject section */
		BCDA97A0193EB96A004186E9 /* Project object */ = {
			isa = PBXProject;
			attributes = {
				LastUpgradeCheck = 0600;
				ORGANIZATIONNAME = bstar;
				TargetAttributes = {
					BCDA97A7193EB96A004186E9 = {
						CreatedOnToolsVersion = 6.0;
						DevelopmentTeam = 5A5VHB7889;
					};
					BCDA97B4193EB96A004186E9 = {
						CreatedOnToolsVersion = 6.0;
						TestTargetID = BCDA97A7193EB96A004186E9;
					};
				};
			};
			buildConfigurationList = BCDA97A3193EB96A004186E9 /* Build configuration list for PBXProject "gLastpass" */;
			compatibilityVersion = "Xcode 3.2";
			developmentRegion = English;
			hasScannedForEncodings = 0;
			knownRegions = (
				en,
			);
			mainGroup = BCDA979F193EB96A004186E9;
			productRefGroup = BCDA97A9193EB96A004186E9 /* Products */;
			projectDirPath = "";
			projectRoot = "";
			targets = (
				BCDA97A7193EB96A004186E9 /* gLastpass */,
				BCDA97B4193EB96A004186E9 /* gLastpassTests */,
			);
		};
/* End PBXProject section */

/* Begin PBXResourcesBuildPhase section */
		BCDA97A6193EB96A004186E9 /* Resources */ = {
			isa = PBXResourcesBuildPhase;
			buildActionMask = 2147483647;
			files = (
				BCDA97B0193EB96A004186E9 /* Images.xcassets in Resources */,
			);
			runOnlyForDeploymentPostprocessing = 0;
		};
		BCDA97B3193EB96A004186E9 /* Resources */ = {
			isa = PBXResourcesBuildPhase;
			buildActionMask = 2147483647;
			files = (
			);
			runOnlyForDeploymentPostprocessing = 0;
		};
/* End PBXResourcesBuildPhase section */

/* Begin PBXSourcesBuildPhase section */
		BCDA97A4193EB96A004186E9 /* Sources */ = {
			isa = PBXSourcesBuildPhase;
			buildActionMask = 2147483647;
			files = (
				BCDA97AE193EB96A004186E9 /* AppDelegate.swift in Sources */,
			);
			runOnlyForDeploymentPostprocessing = 0;
		};
		BCDA97B1193EB96A004186E9 /* Sources */ = {
			isa = PBXSourcesBuildPhase;
			buildActionMask = 2147483647;
			files = (
				BCDA97BC193EB96A004186E9 /* gLastpassTests.swift in Sources */,
			);
			runOnlyForDeploymentPostprocessing = 0;
		};
/* End PBXSourcesBuildPhase section */

/* Begin PBXTargetDependency section */
		BCDA97B7193EB96A004186E9 /* PBXTargetDependency */ = {
			isa = PBXTargetDependency;
			target = BCDA97A7193EB96A004186E9 /* gLastpass */;
			targetProxy = BCDA97B6193EB96A004186E9 /* PBXContainerItemProxy */;
		};
/* End PBXTargetDependency section */

/* Begin XCBuildConfiguration section */
		BCDA97BD193EB96A004186E9 /* Debug */ = {
			isa = XCBuildConfiguration;
			buildSettings = {
				ALWAYS_SEARCH_USER_PATHS = NO;
				CLANG_CXX_LANGUAGE_STANDARD = "gnu++0x";
				CLANG_CXX_LIBRARY = "libc++";
				CLANG_ENABLE_MODULES = YES;
				CLANG_ENABLE_OBJC_ARC = YES;
				CLANG_WARN_BOOL_CONVERSION = YES;
				CLANG_WARN_CONSTANT_CONVERSION = YES;
				CLANG_WARN_DIRECT_OBJC_ISA_USAGE = YES_ERROR;
				CLANG_WARN_EMPTY_BODY = YES;
				CLANG_WARN_ENUM_CONVERSION = YES;
				CLANG_WARN_INT_CONVERSION = YES;
				CLANG_WARN_OBJC_ROOT_CLASS = YES_ERROR;
				CLANG_WARN_UNREACHABLE_CODE = YES;
				CLANG_WARN__DUPLICATE_METHOD_MATCH = YES;
				"CODE_SIGN_IDENTITY[sdk=iphoneos*]" = "iPhone Developer";
				COPY_PHASE_STRIP = NO;
				ENABLE_STRICT_OBJC_MSGSEND = YES;
				GCC_C_LANGUAGE_STANDARD = gnu99;
				GCC_DYNAMIC_NO_PIC = NO;
				GCC_OPTIMIZATION_LEVEL = 0;
				GCC_PREPROCESSOR_DEFINITIONS = (
					"DEBUG=1",
					"$(inherited)",
				);
				GCC_SYMBOLS_PRIVATE_EXTERN = NO;
				GCC_WARN_64_TO_32_BIT_CONVERSION = YES;
				GCC_WARN_ABOUT_RETURN_TYPE = YES_ERROR;
				GCC_WARN_UNDECLARED_SELECTOR = YES;
				GCC_WARN_UNINITIALIZED_AUTOS = YES_AGGRESSIVE;
				GCC_WARN_UNUSED_FUNCTION = YES;
				GCC_WARN_UNUSED_VARIABLE = YES;
				IPHONEOS_DEPLOYMENT_TARGET = 8.0;
				METAL_ENABLE_DEBUG_INFO = YES;
				ONLY_ACTIVE_ARCH = YES;
				SDKROOT = iphoneos;
				SWIFT_OPTIMIZATION_LEVEL = "-Onone";
			};
			name = Debug;
		};
		BCDA97BE193EB96A004186E9 /* Release */ = {
			isa = XCBuildConfiguration;
			buildSettings = {
				ALWAYS_SEARCH_USER_PATHS = NO;
				CLANG_CXX_LANGUAGE_STANDARD = "gnu++0x";
				CLANG_CXX_LIBRARY = "libc++";
				CLANG_ENABLE_MODULES = YES;
				CLANG_ENABLE_OBJC_ARC = YES;
				CLANG_WARN_BOOL_CONVERSION = YES;
				CLANG_WARN_CONSTANT_CONVERSION = YES;
				CLANG_WARN_DIRECT_OBJC_ISA_USAGE = YES_ERROR;
				CLANG_WARN_EMPTY_BODY = YES;
				CLANG_WARN_ENUM_CONVERSION = YES;
				CLANG_WARN_INT_CONVERSION = YES;
				CLANG_WARN_OBJC_ROOT_CLASS = YES_ERROR;
				CLANG_WARN_UNREACHABLE_CODE = YES;
				CLANG_WARN__DUPLICATE_METHOD_MATCH = YES;
				"CODE_SIGN_IDENTITY[sdk=iphoneos*]" = "iPhone Developer";
				COPY_PHASE_STRIP = YES;
				ENABLE_NS_ASSERTIONS = NO;
				ENABLE_STRICT_OBJC_MSGSEND = YES;
				GCC_C_LANGUAGE_STANDARD = gnu99;
				GCC_WARN_64_TO_32_BIT_CONVERSION = YES;
				GCC_WARN_ABOUT_RETURN_TYPE = YES_ERROR;
				GCC_WARN_UNDECLARED_SELECTOR = YES;
				GCC_WARN_UNINITIALIZED_AUTOS = YES_AGGRESSIVE;
				GCC_WARN_UNUSED_FUNCTION = YES;
				GCC_WARN_UNUSED_VARIABLE = YES;
				IPHONEOS_DEPLOYMENT_TARGET = 8.0;
				METAL_ENABLE_DEBUG_INFO = NO;
				SDKROOT = iphoneos;
				VALIDATE_PRODUCT = YES;
			};
			name = Release;
		};
		BCDA97C0193EB96A004186E9 /* Debug */ = {
			isa = XCBuildConfiguration;
			buildSettings = {
				ASSETCATALOG_COMPILER_APPICON_NAME = AppIcon;
				ASSETCATALOG_COMPILER_LAUNCHIMAGE_NAME = LaunchImage;
				CODE_SIGN_IDENTITY = "iPhone Developer";
				INFOPLIST_FILE = gLastpass/Info.plist;
				IPHONEOS_DEPLOYMENT_TARGET = 7.0;
				LD_RUNPATH_SEARCH_PATHS = "$(inherited) @executable_path/Frameworks";
				PRODUCT_NAME = "$(TARGET_NAME)";
				PROVISIONING_PROFILE = "39B2FC7F-39D2-4899-A6E8-3F8381BE63B9";
			};
			name = Debug;
		};
		BCDA97C1193EB96A004186E9 /* Release */ = {
			isa = XCBuildConfiguration;
			buildSettings = {
				ASSETCATALOG_COMPILER_APPICON_NAME = AppIcon;
				ASSETCATALOG_COMPILER_LAUNCHIMAGE_NAME = LaunchImage;
				CODE_SIGN_IDENTITY = "iPhone Developer";
				INFOPLIST_FILE = gLastpass/Info.plist;
				IPHONEOS_DEPLOYMENT_TARGET = 7.0;
				LD_RUNPATH_SEARCH_PATHS = "$(inherited) @executable_path/Frameworks";
				PRODUCT_NAME = "$(TARGET_NAME)";
				PROVISIONING_PROFILE = "39B2FC7F-39D2-4899-A6E8-3F8381BE63B9";
			};
			name = Release;
		};
		BCDA97C3193EB96A004186E9 /* Debug */ = {
			isa = XCBuildConfiguration;
			buildSettings = {
				BUNDLE_LOADER = "$(BUILT_PRODUCTS_DIR)/gLastpass.app/gLastpass";
				FRAMEWORK_SEARCH_PATHS = (
					"$(SDKROOT)/Developer/Library/Frameworks",
					"$(inherited)",
				);
				GCC_PREPROCESSOR_DEFINITIONS = (
					"DEBUG=1",
					"$(inherited)",
				);
				INFOPLIST_FILE = gLastpassTests/Info.plist;
				LD_RUNPATH_SEARCH_PATHS = "$(inherited) @executable_path/Frameworks @loader_path/Frameworks";
				METAL_ENABLE_DEBUG_INFO = YES;
				PRODUCT_NAME = "$(TARGET_NAME)";
				TEST_HOST = "$(BUNDLE_LOADER)";
			};
			name = Debug;
		};
		BCDA97C4193EB96A004186E9 /* Release */ = {
			isa = XCBuildConfiguration;
			buildSettings = {
				BUNDLE_LOADER = "$(BUILT_PRODUCTS_DIR)/gLastpass.app/gLastpass";
				FRAMEWORK_SEARCH_PATHS = (
					"$(SDKROOT)/Developer/Library/Frameworks",
					"$(inherited)",
				);
				INFOPLIST_FILE = gLastpassTests/Info.plist;
				LD_RUNPATH_SEARCH_PATHS = "$(inherited) @executable_path/Frameworks @loader_path/Frameworks";
				METAL_ENABLE_DEBUG_INFO = NO;
				PRODUCT_NAME = "$(TARGET_NAME)";
				TEST_HOST = "$(BUNDLE_LOADER)";
			};
			name = Release;
		};
/* End XCBuildConfiguration section */

/* Begin XCConfigurationList section */
		BCDA97A3193EB96A004186E9 /* Build configuration list for PBXProject "gLastpass" */ = {
			isa = XCConfigurationList;
			buildConfigurations = (
				BCDA97BD193EB96A004186E9 /* Debug */,
				BCDA97BE193EB96A004186E9 /* Release */,
			);
			defaultConfigurationIsVisible = 0;
			defaultConfigurationName = Release;
		};
		BCDA97BF193EB96A004186E9 /* Build configuration list for PBXNativeTarget "gLastpass" */ = {
			isa = XCConfigurationList;
			buildConfigurations = (
				BCDA97C0193EB96A004186E9 /* Debug */,
				BCDA97C1193EB96A004186E9 /* Release */,
			);
			defaultConfigurationIsVisible = 0;
		};
		BCDA97C2193EB96A004186E9 /* Build configuration list for PBXNativeTarget "gLastpassTests" */ = {
			isa = XCConfigurationList;
			buildConfigurations = (
				BCDA97C3193EB96A004186E9 /* Debug */,
				BCDA97C4193EB96A004186E9 /* Release */,
			);
			defaultConfigurationIsVisible = 0;
		};
/* End XCConfigurationList section */
	};
	rootObject = BCDA97A0193EB96A004186E9 /* Project object */;
}
